
Microsoft Visual Studio Solution File, Format Version 12.00
# Visual Studio Version 17
VisualStudioVersion = 17.0.32112.339
MinimumVisualStudioVersion = 10.0.40219.1
Project("{9A19103F-16F7-4668-BE54-9A1E7A4F7556}") = "Challenge.WebApi", "Challenge.WebApi\Challenge.WebApi.csproj", "{4F62A2FA-5444-4281-81AD-9B420229CF33}"
EndProject
Project("{9A19103F-16F7-4668-BE54-9A1E7A4F7556}") = "Challenge.Infrastructure", "Challenge.Infrastructure\Challenge.Infrastructure.csproj", "{E8A11762-3032-4125-AE69-3BF6B6F56F3A}"
EndProject
Project("{9A19103F-16F7-4668-BE54-9A1E7A4F7556}") = "Challenge.Domain", "Challenge.Domain\Challenge.Domain.csproj", "{98CC0E5A-AE52-429D-8129-4CAB6B38892F}"
EndProject
Project("{9A19103F-16F7-4668-BE54-9A1E7A4F7556}") = "Challenge.Service", "Challenge.Service\Challenge.Service.csproj", "{3B83BB06-B986-4D29-8B96-899D5AD763CB}"
EndProject
Project("{FAE04EC0-301F-11D3-BF4B-00C04F79EFBC}") = "Challenge.Bot", "Challenge.Bot\Challenge.Bot.csproj", "{AA3A6773-A3C2-4DE0-8ABD-AC35429A698B}"
EndProject
Global
	GlobalSection(SolutionConfigurationPlatforms) = preSolution
		Debug|Any CPU = Debug|Any CPU
		Release|Any CPU = Release|Any CPU
	EndGlobalSection
	GlobalSection(ProjectConfigurationPlatforms) = postSolution
		{4F62A2FA-5444-4281-81AD-9B420229CF33}.Debug|Any CPU.ActiveCfg = Debug|Any CPU
		{4F62A2FA-5444-4281-81AD-9B420229CF33}.Debug|Any CPU.Build.0 = Debug|Any CPU
		{4F62A2FA-5444-4281-81AD-9B420229CF33}.Release|Any CPU.ActiveCfg = Release|Any CPU
		{4F62A2FA-5444-4281-81AD-9B420229CF33}.Release|Any CPU.Build.0 = Release|Any CPU
		{E8A11762-3032-4125-AE69-3BF6B6F56F3A}.Debug|Any CPU.ActiveCfg = Debug|Any CPU
		{E8A11762-3032-4125-AE69-3BF6B6F56F3A}.Debug|Any CPU.Build.0 = Debug|Any CPU
		{E8A11762-3032-4125-AE69-3BF6B6F56F3A}.Release|Any CPU.ActiveCfg = Release|Any CPU
		{E8A11762-3032-4125-AE69-3BF6B6F56F3A}.Release|Any CPU.Build.0 = Release|Any CPU
		{98CC0E5A-AE52-429D-8129-4CAB6B38892F}.Debug|Any CPU.ActiveCfg = Debug|Any CPU
		{98CC0E5A-AE52-429D-8129-4CAB6B38892F}.Debug|Any CPU.Build.0 = Debug|Any CPU
		{98CC0E5A-AE52-429D-8129-4CAB6B38892F}.Release|Any CPU.ActiveCfg = Release|Any CPU
		{98CC0E5A-AE52-429D-8129-4CAB6B38892F}.Release|Any CPU.Build.0 = Release|Any CPU
		{3B83BB06-B986-4D29-8B96-899D5AD763CB}.Debug|Any CPU.ActiveCfg = Debug|Any CPU
		{3B83BB06-B986-4D29-8B96-899D5AD763CB}.Debug|Any CPU.Build.0 = Debug|Any CPU
		{3B83BB06-B986-4D29-8B96-899D5AD763CB}.Release|Any CPU.ActiveCfg = Release|Any CPU
		{3B83BB06-B986-4D29-8B96-899D5AD763CB}.Release|Any CPU.Build.0 = Release|Any CPU
		{AA3A6773-A3C2-4DE0-8ABD-AC35429A698B}.Debug|Any CPU.ActiveCfg = Debug|Any CPU
		{AA3A6773-A3C2-4DE0-8ABD-AC35429A698B}.Debug|Any CPU.Build.0 = Debug|Any CPU
		{AA3A6773-A3C2-4DE0-8ABD-AC35429A698B}.Release|Any CPU.ActiveCfg = Release|Any CPU
		{AA3A6773-A3C2-4DE0-8ABD-AC35429A698B}.Release|Any CPU.Build.0 = Release|Any CPU
	EndGlobalSection
	GlobalSection(SolutionProperties) = preSolution
		HideSolutionNode = FALSE
	EndGlobalSection
	GlobalSection(ExtensibilityGlobals) = postSolution
		SolutionGuid = {45CEC9C6-6251-4CFC-A09D-08DEACEB761F}
	EndGlobalSection
EndGlobal
